# THIS IS AN AUTOGENERATED FILE. DO NOT EDIT THIS FILE DIRECTLY.
# yarn lockfile v1


"@babel/runtime-corejs3@7.6.3":
  version "7.6.3"
  resolved "https://registry.yarnpkg.com/@babel/runtime-corejs3/-/runtime-corejs3-7.6.3.tgz#a2b2b7ceea6ecb37ff822d293a312f1f00c29b84"
  integrity sha512-933SXHQr7apa95F+3IqkBne8mqOnu1kDh6dnSddC07aW/R51WsOVD7MSczJ6DRpq/L8KLll7TFDxmt30pft44w==
  dependencies:
    core-js-pure "^3.0.0"
    regenerator-runtime "^0.13.2"

"@babel/runtime@7.6.3":
  version "7.6.3"
  resolved "https://registry.yarnpkg.com/@babel/runtime/-/runtime-7.6.3.tgz#935122c74c73d2240cafd32ddb5fc2a6cd35cf1f"
  integrity sha512-kq6anf9JGjW8Nt5rYfEuGRaEAaH1mkv3Bbu6rYvLOpPh/RusSJXuKPEAoZ7L7gybZkchE8+NV5g9vKF4AGAtsA==
  dependencies:
    regenerator-runtime "^0.13.2"

async-limiter@^1.0.0:
  version "1.0.1"
  resolved "https://registry.yarnpkg.com/async-limiter/-/async-limiter-1.0.1.tgz#dd379e94f0db8310b08291f9d64c3209766617fd"
  integrity sha512-csOlWGAcRFJaI6m+F2WKdnMKr4HhdhFVBk0H/QbJFMCr+uO2kwohwXQPxw/9OCxp05r5ghVBFSyioixx3gfkNQ==

core-js-pure@^3.0.0:
  version "3.3.4"
  resolved "https://registry.yarnpkg.com/core-js-pure/-/core-js-pure-3.3.4.tgz#01d2842f552a866265dc77ededb2ccd668ff2879"
  integrity sha512-hqxt6XpR4zIMNUY920oNyAtwaq4yg8IScmXumnfyRWF9+ur7wtjr/4eCdfTJzY64jmi8WRCwIqNBKzYeOKdvnw==

parse@^2.8.0:
  version "2.8.0"
  resolved "https://registry.yarnpkg.com/parse/-/parse-2.8.0.tgz#d4f3027634e4d1a5f56ca6e88dc0df35ca945ad9"
  integrity sha512-dd6IOPYST+qDqWG22xyZpBLQJ+vqozzE4/43cc0OcKakELoSEsJS43JPaxmELI5/sVxsYYYAqshuPePPnefu5A==
  dependencies:
    "@babel/runtime" "7.6.3"
    "@babel/runtime-corejs3" "7.6.3"
    uuid "3.3.3"
    ws "7.1.2"
    xmlhttprequest "1.8.0"

regenerator-runtime@^0.13.2:
  version "0.13.3"
  resolved "https://registry.yarnpkg.com/regenerator-runtime/-/regenerator-runtime-0.13.3.tgz#7cf6a77d8f5c6f60eb73c5fc1955b2ceb01e6bf5"
  integrity sha512-naKIZz2GQ8JWh///G7L3X6LaQUAMp2lvb1rvwwsURe/VXwD6VMfr+/1NuNw3ag8v2kY1aQ/go5SNn79O9JU7yw==

uuid@3.3.3:
  version "3.3.3"
  resolved "https://registry.yarnpkg.com/uuid/-/uuid-3.3.3.tgz#4568f0216e78760ee1dbf3a4d2cf53e224112866"
  integrity sha512-pW0No1RGHgzlpHJO1nsVrHKpOEIxkGg1xB+v0ZmdNH5OAeAwzAVrCnI2/6Mtx+Uys6iaylxa+D3g4j63IKKjSQ==

ws@7.1.2:
  version "7.1.2"
  resolved "https://registry.yarnpkg.com/ws/-/ws-7.1.2.tgz#c672d1629de8bb27a9699eb599be47aeeedd8f73"
  integrity sha512-gftXq3XI81cJCgkUiAVixA0raD9IVmXqsylCrjRygw4+UOOGzPoxnQ6r/CnVL9i+mDncJo94tSkyrtuuQVBmrg==
  dependencies:
    async-limiter "^1.0.0"

xmlhttprequest@1.8.0:
  version "1.8.0"
  resolved "https://registry.yarnpkg.com/xmlhttprequest/-/xmlhttprequest-1.8.0.tgz#67fe075c5c24fef39f9d65f5f7b7fe75171968fc"
  integrity sha1-Z/4HXFwk/vOfnWX197f+dRcZaPw=
